// !$*UTF8*$!
{
	archiveVersion = 1;
	classes = {
	};
	objectVersion = 46;
	objects = {

/* Begin PBXAggregateTarget section */
		864EC1FC3D53E45B4ED789A0 /* install */ = {
			isa = PBXAggregateTarget;
			buildConfigurationList = CBEB25591BE14B0CBBC5DF69 /* Build configuration list for PBXAggregateTarget "install" */;
			buildPhases = (
				93426DA6A4AC2C2AC9CE883C /* CMake PostBuild Rules */,
			);
			dependencies = (
				0DDA922C04B347B3ADEB9213 /* PBXTargetDependency */,
			);
			name = install;
			productName = install;
		};
		CEE29FA14735A935987FC6C0 /* ALL_BUILD */ = {
			isa = PBXAggregateTarget;
			buildConfigurationList = 06C540B1EB424099985DA318 /* Build configuration list for PBXAggregateTarget "ALL_BUILD" */;
			buildPhases = (
				2AB21D7AEE771DFFCEA1CEB6 /* Generate CMakeFiles/ALL_BUILD */,
			);
			dependencies = (
				0446AFA0B8AF478FB6D8FFC3 /* PBXTargetDependency */,
				0A9093C5BC3C44D3AA060209 /* PBXTargetDependency */,
			);
			name = ALL_BUILD;
			productName = ALL_BUILD;
		};
		EF665FFC4118959DE76C4285 /* ZERO_CHECK */ = {
			isa = PBXAggregateTarget;
			buildConfigurationList = D43FC5D762604D3798E1D5DB /* Build configuration list for PBXAggregateTarget "ZERO_CHECK" */;
			buildPhases = (
				4D2FAB5FC8A8E15C5CE9205C /* Generate CMakeFiles/ZERO_CHECK */,
			);
			dependencies = (
			);
			name = ZERO_CHECK;
			productName = ZERO_CHECK;
		};
/* End PBXAggregateTarget section */

/* Begin PBXBuildFile section */
		19291D2521E14453AFBE698A /* /Users/alex/Documents/JUCE/modules/juce_core/juce_core.mm */ = {isa = PBXBuildFile; fileRef = 10ED589E731C489C98E3D944 /* /Users/alex/Documents/JUCE/modules/juce_core/juce_core.mm */; };
		3B7439957ECF4E09A76BAB94 /* /Users/alex/Documents/JUCE/modules/juce_graphics/juce_graphics_Harfbuzz.cpp */ = {isa = PBXBuildFile; fileRef = 5BB32CF4F31F42C28CBC35B3 /* /Users/alex/Documents/JUCE/modules/juce_graphics/juce_graphics_Harfbuzz.cpp */; };
		532D78172ACE452BAD6D01BF /* /Applications/Xcode.app/Contents/Developer/Platforms/MacOSX.platform/Developer/SDKs/MacOSX26.4.sdk/System/Library/Frameworks/Security.framework */ = {isa = PBXBuildFile; fileRef = B3D27FA7384F48698D713CEA /* /Applications/Xcode.app/Contents/Developer/Platforms/MacOSX.platform/Developer/SDKs/MacOSX26.4.sdk/System/Library/Frameworks/Security.framework */; };
		838ED7ED440B45E7A50C4846 /* /Users/alex/Documents/JUCE/modules/juce_gui_basics/juce_gui_basics.mm */ = {isa = PBXBuildFile; fileRef = 31E5BCA2067242D4ACB45C9A /* /Users/alex/Documents/JUCE/modules/juce_gui_basics/juce_gui_basics.mm */; };
		853821AFBA5C4AFDAAB76E11 /* /Users/alex/Documents/JUCE/modules/juce_graphics/juce_graphics_Sheenbidi.c */ = {isa = PBXBuildFile; fileRef = 8A0A96312008495EB395684E /* /Users/alex/Documents/JUCE/modules/juce_graphics/juce_graphics_Sheenbidi.c */; };
		8A7F93DBC7384165928E8558 /* /Applications/Xcode.app/Contents/Developer/Platforms/MacOSX.platform/Developer/SDKs/MacOSX26.4.sdk/System/Library/Frameworks/Cocoa.framework */ = {isa = PBXBuildFile; fileRef = 32612B5A23724BAF82AA95C0 /* /Applications/Xcode.app/Contents/Developer/Platforms/MacOSX.platform/Developer/SDKs/MacOSX26.4.sdk/System/Library/Frameworks/Cocoa.framework */; };
		A96A85C540FA49238AF45798 /* /Users/alex/Documents/JUCE/modules/juce_data_structures/juce_data_structures.mm */ = {isa = PBXBuildFile; fileRef = C41F106BC0C8463AB87678B6 /* /Users/alex/Documents/JUCE/modules/juce_data_structures/juce_data_structures.mm */; };
		B587940C902E411285DCD8F9 /* /Applications/Xcode.app/Contents/Developer/Platforms/MacOSX.platform/Developer/SDKs/MacOSX26.4.sdk/System/Library/Frameworks/Foundation.framework */ = {isa = PBXBuildFile; fileRef = 77628A59878146B68ED29D41 /* /Applications/Xcode.app/Contents/Developer/Platforms/MacOSX.platform/Developer/SDKs/MacOSX26.4.sdk/System/Library/Frameworks/Foundation.framework */; };
		BCBAB0CE3DFF45C084BD098C /* /Users/alex/Documents/JUCE/modules/juce_core/juce_core_CompilationTime.cpp */ = {isa = PBXBuildFile; fileRef = 4F1377EECBBB4F6184E68851 /* /Users/alex/Documents/JUCE/modules/juce_core/juce_core_CompilationTime.cpp */; };
		C1F79444C6FB4C3E970E533F /* /Users/alex/Documents/JUCE/extras/Build/juceaide/Main.cpp */ = {isa = PBXBuildFile; fileRef = 7D52B4109528481FA858FC4A /* /Users/alex/Documents/JUCE/extras/Build/juceaide/Main.cpp */; };
		C38A15005FE44820BFE4BEEC /* /Users/alex/Documents/JUCE/extras/Build/juceaide/CMakeLists.txt */ = {isa = PBXBuildFile; fileRef = DB391B8BD24B4D3FB5C33DF0 /* /Users/alex/Documents/JUCE/extras/Build/juceaide/CMakeLists.txt */; };
		CB2461597D9B4953B01F3CDF /* /Users/alex/Documents/JUCE/extras/Build/juce_build_tools/juce_build_tools.cpp */ = {isa = PBXBuildFile; fileRef = 9D22C26C13894C719985B22E /* /Users/alex/Documents/JUCE/extras/Build/juce_build_tools/juce_build_tools.cpp */; };
		D8F6A9B1687940ED941B7A73 /* /Applications/Xcode.app/Contents/Developer/Platforms/MacOSX.platform/Developer/SDKs/MacOSX26.4.sdk/System/Library/Frameworks/IOKit.framework */ = {isa = PBXBuildFile; fileRef = 06124639E52043E4913929C2 /* /Applications/Xcode.app/Contents/Developer/Platforms/MacOSX.platform/Developer/SDKs/MacOSX26.4.sdk/System/Library/Frameworks/IOKit.framework */; };
		F0BF8CAA287A4CBB8BCA2F7B /* /Users/alex/Documents/JUCE/modules/juce_events/juce_events.mm */ = {isa = PBXBuildFile; fileRef = C44C94D52B3D48A8936FC492 /* /Users/alex/Documents/JUCE/modules/juce_events/juce_events.mm */; };
		F8E0E79787514E16BB63EF08 /* /Users/alex/Documents/JUCE/modules/juce_graphics/juce_graphics.mm */ = {isa = PBXBuildFile; fileRef = 19EF962DA72A41EC940B848A /* /Users/alex/Documents/JUCE/modules/juce_graphics/juce_graphics.mm */; };
		FDD335638829419D9D770F29 /* /Applications/Xcode.app/Contents/Developer/Platforms/MacOSX.platform/Developer/SDKs/MacOSX26.4.sdk/System/Library/Frameworks/QuartzCore.framework */ = {isa = PBXBuildFile; fileRef = 913A322E4F924FFC96D7335B /* /Applications/Xcode.app/Contents/Developer/Platforms/MacOSX.platform/Developer/SDKs/MacOSX26.4.sdk/System/Library/Frameworks/QuartzCore.framework */; };
/* End PBXBuildFile section */

/* Begin PBXBuildStyle section */
		7145A39B480B4575928752D0 /* Custom */ = {
			isa = PBXBuildStyle;
			buildSettings = {
				COPY_PHASE_STRIP = NO;
			};
			name = Custom;
		};
/* End PBXBuildStyle section */

/* Begin PBXContainerItemProxy section */
		102C104938E94879BE12AE79 /* PBXContainerItemProxy */ = {
			isa = PBXContainerItemProxy;
			containerPortal = EDC78632210B4A2593FEF19C /* Project object */;
			proxyType = 1;
			remoteGlobalIDString = EF665FFC4118959DE76C4285;
			remoteInfo = ZERO_CHECK;
		};
		70C63983C68342F29BF0F988 /* PBXContainerItemProxy */ = {
			isa = PBXContainerItemProxy;
			containerPortal = EDC78632210B4A2593FEF19C /* Project object */;
			proxyType = 1;
			remoteGlobalIDString = CEE75BB69C85C9BCBA6ECC35;
			remoteInfo = juceaide;
		};
		9E2E0AE7A155493FB5146754 /* PBXContainerItemProxy */ = {
			isa = PBXContainerItemProxy;
			containerPortal = EDC78632210B4A2593FEF19C /* Project object */;
			proxyType = 1;
			remoteGlobalIDString = CEE29FA14735A935987FC6C0;
			remoteInfo = ALL_BUILD;
		};
		A3EE4A28DF454B5183E11480 /* PBXContainerItemProxy */ = {
			isa = PBXContainerItemProxy;
			containerPortal = EDC78632210B4A2593FEF19C /* Project object */;
			proxyType = 1;
			remoteGlobalIDString = EF665FFC4118959DE76C4285;
			remoteInfo = ZERO_CHECK;
		};
/* End PBXContainerItemProxy section */

/* Begin PBXFileReference section */
		06124639E52043E4913929C2 /* /Applications/Xcode.app/Contents/Developer/Platforms/MacOSX.platform/Developer/SDKs/MacOSX26.4.sdk/System/Library/Frameworks/IOKit.framework */ = {isa = PBXFileReference; fileEncoding = 4; lastKnownFileType = wrapper.framework; name = IOKit.framework; path = /Applications/Xcode.app/Contents/Developer/Platforms/MacOSX.platform/Developer/SDKs/MacOSX26.4.sdk/System/Library/Frameworks/IOKit.framework; sourceTree = "<absolute>"; };
		10ED589E731C489C98E3D944 /* /Users/alex/Documents/JUCE/modules/juce_core/juce_core.mm */ = {isa = PBXFileReference; explicitFileType = sourcecode.cpp.objcpp; fileEncoding = 4; name = juce_core.mm; path = modules/juce_core/juce_core.mm; sourceTree = SOURCE_ROOT; };
		19EF962DA72A41EC940B848A /* /Users/alex/Documents/JUCE/modules/juce_graphics/juce_graphics.mm */ = {isa = PBXFileReference; explicitFileType = sourcecode.cpp.objcpp; fileEncoding = 4; name = juce_graphics.mm; path = modules/juce_graphics/juce_graphics.mm; sourceTree = SOURCE_ROOT; };
		31E5BCA2067242D4ACB45C9A /* /Users/alex/Documents/JUCE/modules/juce_gui_basics/juce_gui_basics.mm */ = {isa = PBXFileReference; explicitFileType = sourcecode.cpp.objcpp; fileEncoding = 4; name = juce_gui_basics.mm; path = modules/juce_gui_basics/juce_gui_basics.mm; sourceTree = SOURCE_ROOT; };
		32612B5A23724BAF82AA95C0 /* /Applications/Xcode.app/Contents/Developer/Platforms/MacOSX.platform/Developer/SDKs/MacOSX26.4.sdk/System/Library/Frameworks/Cocoa.framework */ = {isa = PBXFileReference; fileEncoding = 4; lastKnownFileType = wrapper.framework; name = Cocoa.framework; path = /Applications/Xcode.app/Contents/Developer/Platforms/MacOSX.platform/Developer/SDKs/MacOSX26.4.sdk/System/Library/Frameworks/Cocoa.framework; sourceTree = "<absolute>"; };
		4F1377EECBBB4F6184E68851 /* /Users/alex/Documents/JUCE/modules/juce_core/juce_core_CompilationTime.cpp */ = {isa = PBXFileReference; explicitFileType = sourcecode.cpp.cpp; fileEncoding = 4; name = juce_core_CompilationTime.cpp; path = modules/juce_core/juce_core_CompilationTime.cpp; sourceTree = SOURCE_ROOT; };
		5BB32CF4F31F42C28CBC35B3 /* /Users/alex/Documents/JUCE/modules/juce_graphics/juce_graphics_Harfbuzz.cpp */ = {isa = PBXFileReference; explicitFileType = sourcecode.cpp.cpp; fileEncoding = 4; name = juce_graphics_Harfbuzz.cpp; path = modules/juce_graphics/juce_graphics_Harfbuzz.cpp; sourceTree = SOURCE_ROOT; };
		77628A59878146B68ED29D41 /* /Applications/Xcode.app/Contents/Developer/Platforms/MacOSX.platform/Developer/SDKs/MacOSX26.4.sdk/System/Library/Frameworks/Foundation.framework */ = {isa = PBXFileReference; fileEncoding = 4; lastKnownFileType = wrapper.framework; name = Foundation.framework; path = /Applications/Xcode.app/Contents/Developer/Platforms/MacOSX.platform/Developer/SDKs/MacOSX26.4.sdk/System/Library/Frameworks/Foundation.framework; sourceTree = "<absolute>"; };
		7D52B4109528481FA858FC4A /* /Users/alex/Documents/JUCE/extras/Build/juceaide/Main.cpp */ = {isa = PBXFileReference; explicitFileType = sourcecode.cpp.cpp; fileEncoding = 4; name = Main.cpp; path = extras/Build/juceaide/Main.cpp; sourceTree = SOURCE_ROOT; };
		8A0A96312008495EB395684E /* /Users/alex/Documents/JUCE/modules/juce_graphics/juce_graphics_Sheenbidi.c */ = {isa = PBXFileReference; explicitFileType = sourcecode.c.c; fileEncoding = 4; name = juce_graphics_Sheenbidi.c; path = modules/juce_graphics/juce_graphics_Sheenbidi.c; sourceTree = SOURCE_ROOT; };
		913A322E4F924FFC96D7335B /* /Applications/Xcode.app/Contents/Developer/Platforms/MacOSX.platform/Developer/SDKs/MacOSX26.4.sdk/System/Library/Frameworks/QuartzCore.framework */ = {isa = PBXFileReference; fileEncoding = 4; lastKnownFileType = wrapper.framework; name = QuartzCore.framework; path = /Applications/Xcode.app/Contents/Developer/Platforms/MacOSX.platform/Developer/SDKs/MacOSX26.4.sdk/System/Library/Frameworks/QuartzCore.framework; sourceTree = "<absolute>"; };
		9D22C26C13894C719985B22E /* /Users/alex/Documents/JUCE/extras/Build/juce_build_tools/juce_build_tools.cpp */ = {isa = PBXFileReference; explicitFileType = sourcecode.cpp.cpp; fileEncoding = 4; name = juce_build_tools.cpp; path = extras/Build/juce_build_tools/juce_build_tools.cpp; sourceTree = SOURCE_ROOT; };
		A8543F9D4ACE43538193629D /* juceaide */ = {isa = PBXFileReference; explicitFileType = "compiled.mach-o.executable"; path = juceaide; sourceTree = BUILT_PRODUCTS_DIR; };
		B3D27FA7384F48698D713CEA /* /Applications/Xcode.app/Contents/Developer/Platforms/MacOSX.platform/Developer/SDKs/MacOSX26.4.sdk/System/Library/Frameworks/Security.framework */ = {isa = PBXFileReference; fileEncoding = 4; lastKnownFileType = wrapper.framework; name = Security.framework; path = /Applications/Xcode.app/Contents/Developer/Platforms/MacOSX.platform/Developer/SDKs/MacOSX26.4.sdk/System/Library/Frameworks/Security.framework; sourceTree = "<absolute>"; };
		C41F106BC0C8463AB87678B6 /* /Users/alex/Documents/JUCE/modules/juce_data_structures/juce_data_structures.mm */ = {isa = PBXFileReference; explicitFileType = sourcecode.cpp.objcpp; fileEncoding = 4; name = juce_data_structures.mm; path = modules/juce_data_structures/juce_data_structures.mm; sourceTree = SOURCE_ROOT; };
		C44C94D52B3D48A8936FC492 /* /Users/alex/Documents/JUCE/modules/juce_events/juce_events.mm */ = {isa = PBXFileReference; explicitFileType = sourcecode.cpp.objcpp; fileEncoding = 4; name = juce_events.mm; path = modules/juce_events/juce_events.mm; sourceTree = SOURCE_ROOT; };
		DB391B8BD24B4D3FB5C33DF0 /* /Users/alex/Documents/JUCE/extras/Build/juceaide/CMakeLists.txt */ = {isa = PBXFileReference; explicitFileType = sourcecode.text; fileEncoding = 4; name = CMakeLists.txt; path = extras/Build/juceaide/CMakeLists.txt; sourceTree = SOURCE_ROOT; };
		FF624449E3154F3391B3EC51 /* /Users/alex/Documents/JUCE/CMakeLists.txt */ = {isa = PBXFileReference; explicitFileType = sourcecode.text; fileEncoding = 4; name = CMakeLists.txt; path = CMakeLists.txt; sourceTree = SOURCE_ROOT; };
/* End PBXFileReference section */

/* Begin PBXFrameworksBuildPhase section */
		97F78EA9226C45D484716DEA /* Frameworks */ = {
			isa = PBXFrameworksBuildPhase;
			buildActionMask = 2147483647;
			files = (
			);
			runOnlyForDeploymentPostprocessing = 0;
		};
/* End PBXFrameworksBuildPhase section */

/* Begin PBXGroup section */
		081DF03088B04980977A4BB7 /* juceaide */ = {
			isa = PBXGroup;
			children = (
				78485D2D78F14F438BB1873F /* Source Files */,
				DB391B8BD24B4D3FB5C33DF0 /* /Users/alex/Documents/JUCE/extras/Build/juceaide/CMakeLists.txt */,
			);
			name = juceaide;
			sourceTree = "<group>";
		};
		1672F6EBF2CA43CCB7A85376 = {
			isa = PBXGroup;
			children = (
				F6F08CE68C264D6498383065 /* ALL_BUILD */,
				081DF03088B04980977A4BB7 /* juceaide */,
				83D286843B0641BA8F76BD35 /* Products */,
				458C8E665CA2453D9F7B7E4B /* Frameworks */,
				2581D92D71414F72820CFEC1 /* Resources */,
			);
			sourceTree = "<group>";
		};
		2581D92D71414F72820CFEC1 /* Resources */ = {
			isa = PBXGroup;
			children = (
			);
			name = Resources;
			sourceTree = "<group>";
		};
		458C8E665CA2453D9F7B7E4B /* Frameworks */ = {
			isa = PBXGroup;
			children = (
				913A322E4F924FFC96D7335B /* /Applications/Xcode.app/Contents/Developer/Platforms/MacOSX.platform/Developer/SDKs/MacOSX26.4.sdk/System/Library/Frameworks/QuartzCore.framework */,
				32612B5A23724BAF82AA95C0 /* /Applications/Xcode.app/Contents/Developer/Platforms/MacOSX.platform/Developer/SDKs/MacOSX26.4.sdk/System/Library/Frameworks/Cocoa.framework */,
				77628A59878146B68ED29D41 /* /Applications/Xcode.app/Contents/Developer/Platforms/MacOSX.platform/Developer/SDKs/MacOSX26.4.sdk/System/Library/Frameworks/Foundation.framework */,
				06124639E52043E4913929C2 /* /Applications/Xcode.app/Contents/Developer/Platforms/MacOSX.platform/Developer/SDKs/MacOSX26.4.sdk/System/Library/Frameworks/IOKit.framework */,
				B3D27FA7384F48698D713CEA /* /Applications/Xcode.app/Contents/Developer/Platforms/MacOSX.platform/Developer/SDKs/MacOSX26.4.sdk/System/Library/Frameworks/Security.framework */,
			);
			name = Frameworks;
			sourceTree = "<group>";
		};
		78485D2D78F14F438BB1873F /* Source Files */ = {
			isa = PBXGroup;
			children = (
				9D22C26C13894C719985B22E /* /Users/alex/Documents/JUCE/extras/Build/juce_build_tools/juce_build_tools.cpp */,
				7D52B4109528481FA858FC4A /* /Users/alex/Documents/JUCE/extras/Build/juceaide/Main.cpp */,
				10ED589E731C489C98E3D944 /* /Users/alex/Documents/JUCE/modules/juce_core/juce_core.mm */,
				4F1377EECBBB4F6184E68851 /* /Users/alex/Documents/JUCE/modules/juce_core/juce_core_CompilationTime.cpp */,
				C41F106BC0C8463AB87678B6 /* /Users/alex/Documents/JUCE/modules/juce_data_structures/juce_data_structures.mm */,
				C44C94D52B3D48A8936FC492 /* /Users/alex/Documents/JUCE/modules/juce_events/juce_events.mm */,
				19EF962DA72A41EC940B848A /* /Users/alex/Documents/JUCE/modules/juce_graphics/juce_graphics.mm */,
				5BB32CF4F31F42C28CBC35B3 /* /Users/alex/Documents/JUCE/modules/juce_graphics/juce_graphics_Harfbuzz.cpp */,
				8A0A96312008495EB395684E /* /Users/alex/Documents/JUCE/modules/juce_graphics/juce_graphics_Sheenbidi.c */,
				31E5BCA2067242D4ACB45C9A /* /Users/alex/Documents/JUCE/modules/juce_gui_basics/juce_gui_basics.mm */,
			);
			name = "Source Files";
			sourceTree = "<group>";
		};
		83D286843B0641BA8F76BD35 /* Products */ = {
			isa = PBXGroup;
			children = (
				A8543F9D4ACE43538193629D /* juceaide */,
			);
			name = Products;
			sourceTree = "<group>";
		};
		BCB9D15ED72749F8BCA662B3 /* CMake Rules */ = {
			isa = PBXGroup;
			children = (
			);
			name = "CMake Rules";
			sourceTree = "<group>";
		};
		F6F08CE68C264D6498383065 /* ALL_BUILD */ = {
			isa = PBXGroup;
			children = (
				BCB9D15ED72749F8BCA662B3 /* CMake Rules */,
				FF624449E3154F3391B3EC51 /* /Users/alex/Documents/JUCE/CMakeLists.txt */,
			);
			name = ALL_BUILD;
			sourceTree = "<group>";
		};
/* End PBXGroup section */

/* Begin PBXNativeTarget section */
		CEE75BB69C85C9BCBA6ECC35 /* juceaide */ = {
			isa = PBXNativeTarget;
			buildConfigurationList = 16A57311403C4126844BC658 /* Build configuration list for PBXNativeTarget "juceaide" */;
			buildPhases = (
				B3DF627A6D474AE19E039B75 /* Sources */,
				97F78EA9226C45D484716DEA /* Frameworks */,
			);
			buildRules = (
			);
			dependencies = (
				8581FAFBB50C4FC89928C6C1 /* PBXTargetDependency */,
			);
			name = juceaide;
			productName = juceaide;
			productReference = A8543F9D4ACE43538193629D /* juceaide */;
			productType = "com.apple.product-type.tool";
		};
/* End PBXNativeTarget section */

/* Begin PBXProject section */
		EDC78632210B4A2593FEF19C /* Project object */ = {
			isa = PBXProject;
			attributes = {
				BuildIndependentTargetsInParallel = YES;
				LastUpgradeCheck = 2640;
			};
			buildConfigurationList = 1FE360C09D164A5F88EFEA6E /* Build configuration list for PBXProject "JUCE" */;
			buildSettings = {
			};
			buildStyles = (
				7145A39B480B4575928752D0 /* Custom */,
			);
			compatibilityVersion = "Xcode 3.2";
			hasScannedForEncodings = 0;
			mainGroup = 1672F6EBF2CA43CCB7A85376;
			projectDirPath = /Users/alex/Documents/JUCE;
			projectRoot = "";
			targets = (
				CEE29FA14735A935987FC6C0 /* ALL_BUILD */,
				864EC1FC3D53E45B4ED789A0 /* install */,
				CEE75BB69C85C9BCBA6ECC35 /* juceaide */,
				EF665FFC4118959DE76C4285 /* ZERO_CHECK */,
			);
		};
/* End PBXProject section */

/* Begin PBXShellScriptBuildPhase section */
		2AB21D7AEE771DFFCEA1CEB6 /* Generate CMakeFiles/ALL_BUILD */ = {
			isa = PBXShellScriptBuildPhase;
			alwaysOutOfDate = 1;
			buildActionMask = 2147483647;
			files = (
			);
			inputPaths = (
			);
			name = "Generate CMakeFiles/ALL_BUILD";
			outputPaths = (
"/Users/alex/Documents/Github/robin-control-redesign/NewProject/build-release/JUCE/tools/CMakeFiles/ALL_BUILD"			);
			runOnlyForDeploymentPostprocessing = 0;
			shellPath = /bin/sh;
			shellScript = "set -e
if test \"$CONFIGURATION\" = \"Custom\"; then :
  cd /Users/alex/Documents/Github/robin-control-redesign/NewProject/build-release/JUCE/tools
  echo Build\\ all\\ projects
fi
";
			showEnvVarsInLog = 0;
		};
		3C0110FC8322DE7E50886E21 = {
			isa = PBXShellScriptBuildPhase;
			buildActionMask = 2147483647;
			files = (
			);
			inputPaths = (
			);
			outputPaths = (
			);
			runOnlyForDeploymentPostprocessing = 0;
			shellPath = /bin/sh;
			shellScript = "# shell script goes here
exit 0";
			showEnvVarsInLog = 0;
		};
		4D2FAB5FC8A8E15C5CE9205C /* Generate CMakeFiles/ZERO_CHECK */ = {
			isa = PBXShellScriptBuildPhase;
			alwaysOutOfDate = 1;
			buildActionMask = 2147483647;
			files = (
			);
			inputPaths = (
			);
			name = "Generate CMakeFiles/ZERO_CHECK";
			outputPaths = (
"/Users/alex/Documents/Github/robin-control-redesign/NewProject/build-release/JUCE/tools/CMakeFiles/ZERO_CHECK"			);
			runOnlyForDeploymentPostprocessing = 0;
			shellPath = /bin/sh;
			shellScript = "set -e
if test \"$CONFIGURATION\" = \"Custom\"; then :
  cd /Users/alex/Documents/Github/robin-control-redesign/NewProject/build-release/JUCE/tools
  make -f /Users/alex/Documents/Github/robin-control-redesign/NewProject/build-release/JUCE/tools/CMakeScripts/ReRunCMake.make
fi
";
			showEnvVarsInLog = 0;
		};
		87AF4882E018677E2624B544 = {
			isa = PBXShellScriptBuildPhase;
			buildActionMask = 2147483647;
			files = (
			);
			inputPaths = (
			);
			outputPaths = (
			);
			runOnlyForDeploymentPostprocessing = 0;
			shellPath = /bin/sh;
			shellScript = "# shell script goes here
exit 0";
			showEnvVarsInLog = 0;
		};
		93426DA6A4AC2C2AC9CE883C /* CMake PostBuild Rules */ = {
			isa = PBXShellScriptBuildPhase;
			alwaysOutOfDate = 1;
			buildActionMask = 2147483647;
			files = (
			);
			inputPaths = (
			);
			name = "CMake PostBuild Rules";
			outputPaths = (
			);
			runOnlyForDeploymentPostprocessing = 0;
			shellPath = /bin/sh;
			shellScript = "set -e
if test \"$CONFIGURATION\" = \"Custom\"; then :
  cd /Users/alex/Documents/Github/robin-control-redesign/NewProject/build-release/JUCE/tools
  /opt/homebrew/bin/cmake -DBUILD_TYPE=$CONFIGURATION$EFFECTIVE_PLATFORM_NAME -P cmake_install.cmake
fi
";
			showEnvVarsInLog = 0;
		};
		9B50530E35CC49C82C2FACCF = {
			isa = PBXShellScriptBuildPhase;
			buildActionMask = 2147483647;
			files = (
			);
			inputPaths = (
			);
			outputPaths = (
			);
			runOnlyForDeploymentPostprocessing = 0;
			shellPath = /bin/sh;
			shellScript = "# shell script goes here
exit 0";
			showEnvVarsInLog = 0;
		};
/* End PBXShellScriptBuildPhase section */

/* Begin PBXSourcesBuildPhase section */
		B3DF627A6D474AE19E039B75 /* Sources */ = {
			isa = PBXSourcesBuildPhase;
			buildActionMask = 2147483647;
			files = (
				CB2461597D9B4953B01F3CDF /* /Users/alex/Documents/JUCE/extras/Build/juce_build_tools/juce_build_tools.cpp */,
				C1F79444C6FB4C3E970E533F /* /Users/alex/Documents/JUCE/extras/Build/juceaide/Main.cpp */,
				19291D2521E14453AFBE698A /* /Users/alex/Documents/JUCE/modules/juce_core/juce_core.mm */,
				BCBAB0CE3DFF45C084BD098C /* /Users/alex/Documents/JUCE/modules/juce_core/juce_core_CompilationTime.cpp */,
				A96A85C540FA49238AF45798 /* /Users/alex/Documents/JUCE/modules/juce_data_structures/juce_data_structures.mm */,
				F0BF8CAA287A4CBB8BCA2F7B /* /Users/alex/Documents/JUCE/modules/juce_events/juce_events.mm */,
				F8E0E79787514E16BB63EF08 /* /Users/alex/Documents/JUCE/modules/juce_graphics/juce_graphics.mm */,
				3B7439957ECF4E09A76BAB94 /* /Users/alex/Documents/JUCE/modules/juce_graphics/juce_graphics_Harfbuzz.cpp */,
				853821AFBA5C4AFDAAB76E11 /* /Users/alex/Documents/JUCE/modules/juce_graphics/juce_graphics_Sheenbidi.c */,
				838ED7ED440B45E7A50C4846 /* /Users/alex/Documents/JUCE/modules/juce_gui_basics/juce_gui_basics.mm */,
			);
			runOnlyForDeploymentPostprocessing = 0;
		};
/* End PBXSourcesBuildPhase section */

/* Begin PBXTargetDependency section */
		0446AFA0B8AF478FB6D8FFC3 /* PBXTargetDependency */ = {
			isa = PBXTargetDependency;
			target = CEE75BB69C85C9BCBA6ECC35 /* juceaide */;
			targetProxy = 70C63983C68342F29BF0F988 /* PBXContainerItemProxy */;
		};
		0A9093C5BC3C44D3AA060209 /* PBXTargetDependency */ = {
			isa = PBXTargetDependency;
			target = EF665FFC4118959DE76C4285 /* ZERO_CHECK */;
			targetProxy = 102C104938E94879BE12AE79 /* PBXContainerItemProxy */;
		};
		0DDA922C04B347B3ADEB9213 /* PBXTargetDependency */ = {
			isa = PBXTargetDependency;
			target = CEE29FA14735A935987FC6C0 /* ALL_BUILD */;
			targetProxy = 9E2E0AE7A155493FB5146754 /* PBXContainerItemProxy */;
		};
		8581FAFBB50C4FC89928C6C1 /* PBXTargetDependency */ = {
			isa = PBXTargetDependency;
			target = EF665FFC4118959DE76C4285 /* ZERO_CHECK */;
			targetProxy = A3EE4A28DF454B5183E11480 /* PBXContainerItemProxy */;
		};
/* End PBXTargetDependency section */

/* Begin XCBuildConfiguration section */
		75A619CF68BE486683E134C3 /* Custom */ = {
			isa = XCBuildConfiguration;
			buildSettings = {
				ALWAYS_SEARCH_USER_PATHS = NO;
				ARCHS = arm64;
				COMBINE_HIDPI_IMAGES = YES;
				GCC_GENERATE_DEBUGGING_SYMBOLS = YES;
				GCC_INLINES_ARE_PRIVATE_EXTERN = NO;
				GCC_OPTIMIZATION_LEVEL = 0;
				GCC_PREPROCESSOR_DEFINITIONS = ("'CMAKE_INTDIR=\"$(CONFIGURATION)$(EFFECTIVE_PLATFORM_NAME)\"'","$(inherited)");
				GCC_SYMBOLS_PRIVATE_EXTERN = NO;
				INSTALL_PATH = "";
				ONLY_ACTIVE_ARCH = NO;
				OTHER_LDFLAGS = ("","$(inherited)");
				OTHER_REZFLAGS = "";
				PRODUCT_NAME = ZERO_CHECK;
				SECTORDER_FLAGS = "";
				USE_HEADERMAP = NO;
				WARNING_CFLAGS = ("$(inherited)");
			};
			name = Custom;
		};
		82EBA0AEF22841FC82C4FE82 /* Custom */ = {
			isa = XCBuildConfiguration;
			buildSettings = {
				ARCHS = arm64;
				MACOSX_DEPLOYMENT_TARGET = 11.0;
				SDKROOT = "";
				SWIFT_COMPILATION_MODE = wholemodule;
				SYMROOT = "/Users/alex/Documents/Github/robin-control-redesign/NewProject/build-release/JUCE/tools/build";
			};
			name = Custom;
		};
		83D9B5B8B8744566AD0C6BDF /* Custom */ = {
			isa = XCBuildConfiguration;
			buildSettings = {
				ALWAYS_SEARCH_USER_PATHS = NO;
				ARCHS = arm64;
				COMBINE_HIDPI_IMAGES = YES;
				GCC_GENERATE_DEBUGGING_SYMBOLS = YES;
				GCC_INLINES_ARE_PRIVATE_EXTERN = NO;
				GCC_OPTIMIZATION_LEVEL = 0;
				GCC_PREPROCESSOR_DEFINITIONS = ("'CMAKE_INTDIR=\"$(CONFIGURATION)$(EFFECTIVE_PLATFORM_NAME)\"'","$(inherited)");
				GCC_SYMBOLS_PRIVATE_EXTERN = NO;
				INSTALL_PATH = "";
				ONLY_ACTIVE_ARCH = NO;
				OTHER_LDFLAGS = ("","$(inherited)");
				OTHER_REZFLAGS = "";
				PRODUCT_NAME = ALL_BUILD;
				SECTORDER_FLAGS = "";
				USE_HEADERMAP = NO;
				WARNING_CFLAGS = ("$(inherited)");
			};
			name = Custom;
		};
		95A4256D842C479AB3CB982C /* Custom */ = {
			isa = XCBuildConfiguration;
			buildSettings = {
				ALWAYS_SEARCH_USER_PATHS = NO;
				ARCHS = arm64;
				COMBINE_HIDPI_IMAGES = YES;
				CONFIGURATION_BUILD_DIR = "/Users/alex/Documents/Github/robin-control-redesign/NewProject/build-release/JUCE/tools/extras/Build/juceaide/juceaide_artefacts/Custom";
				EXECUTABLE_PREFIX = "";
				EXECUTABLE_SUFFIX = "";
				GCC_GENERATE_DEBUGGING_SYMBOLS = NO;
				GCC_INLINES_ARE_PRIVATE_EXTERN = NO;
				GCC_OPTIMIZATION_LEVEL = 0;
				GCC_PREPROCESSOR_DEFINITIONS = ("'CMAKE_INTDIR=\"$(CONFIGURATION)$(EFFECTIVE_PLATFORM_NAME)\"'","'JUCE_STANDALONE_APPLICATION=1'","'JUCE_DISABLE_JUCE_VERSION_PRINTING=1'","'JUCE_USE_CURL=0'","'JUCE_SILENCE_XCODE_15_LINKER_WARNING=1'","'JUCE_MODULE_AVAILABLE_juce_build_tools=1'","'JUCE_MODULE_AVAILABLE_juce_gui_basics=1'","'JUCE_MODULE_AVAILABLE_juce_graphics=1'","'JUCE_MODULE_AVAILABLE_juce_events=1'","'JUCE_GLOBAL_MODULE_SETTINGS_INCLUDED=1'","'NDEBUG=1'","'_NDEBUG=1'","'JUCE_MODULE_AVAILABLE_juce_core=1'","'JUCE_MODULE_AVAILABLE_juce_data_structures=1'","$(inherited)");
				GCC_SYMBOLS_PRIVATE_EXTERN = NO;
				HEADER_SEARCH_PATHS = ("/Users/alex/Documents/Github/robin-control-redesign/NewProject/build-release/JUCE/tools/extras/Build/juceaide/juceaide_artefacts/JuceLibraryCode",/Users/alex/Documents/JUCE/extras/Build,/Users/alex/Documents/JUCE/modules,"$(inherited)");
				INSTALL_PATH = "";
				ONLY_ACTIVE_ARCH = NO;
				OTHER_CFLAGS = ("-Wall -Wshadow-all -Wshorten-64-to-32 -Wstrict-aliasing -Wuninitialized -Wunused-parameter -Wconversion -Wsign-compare -Wint-conversion -Wconditional-uninitialized -Wconstant-conversion -Wsign-conversion -Wbool-conversion -Wextra-semi -Wunreachable-code -Wcast-align -Wshift-sign-overflow -Wmissing-prototypes -Wnullable-to-nonnull-conversion -Wno-ignored-qualifiers -Wswitch-enum -Wpedantic -Wdeprecated -Wfloat-equal -Wmissing-field-initializers ","$(inherited)");
				OTHER_CPLUSPLUSFLAGS = "'-std=c++17' -Wall -Wshadow-all -Wshorten-64-to-32 -Wstrict-aliasing -Wuninitialized -Wunused-parameter -Wconversion -Wsign-compare -Wint-conversion -Wconditional-uninitialized -Wconstant-conversion -Wsign-conversion -Wbool-conversion -Wextra-semi -Wunreachable-code -Wcast-align -Wshift-sign-overflow -Wmissing-prototypes -Wnullable-to-nonnull-conversion -Wno-ignored-qualifiers -Wswitch-enum -Wpedantic -Wdeprecated -Wfloat-equal -Wmissing-field-initializers -Wzero-as-null-pointer-constant -Wunused-private-field -Woverloaded-virtual -Wreorder -Winconsistent-missing-destructor-override ";
				OTHER_LDFLAGS = (" -Wl,-search_paths_first -Wl,-headerpad_max_install_names","-weak_framework Metal","-weak_framework MetalKit","-framework QuartzCore","-framework Cocoa","-framework Foundation","-framework IOKit","-framework Security","$(inherited)");
				OTHER_REZFLAGS = "";
				PRODUCT_NAME = juceaide;
				SECTORDER_FLAGS = "";
				TARGET_TEMP_DIR = "/Users/alex/Documents/Github/robin-control-redesign/NewProject/build-release/JUCE/tools/build/juceaide.build/$(CONFIGURATION)$(EFFECTIVE_PLATFORM_NAME)";
				USE_HEADERMAP = NO;
				WARNING_CFLAGS = ("$(inherited)");
			};
			name = Custom;
		};
		CEF8B9F05AE94638B7C0E44E /* Custom */ = {
			isa = XCBuildConfiguration;
			buildSettings = {
				ALWAYS_SEARCH_USER_PATHS = NO;
				ARCHS = arm64;
				COMBINE_HIDPI_IMAGES = YES;
				GCC_GENERATE_DEBUGGING_SYMBOLS = YES;
				GCC_INLINES_ARE_PRIVATE_EXTERN = NO;
				GCC_OPTIMIZATION_LEVEL = 0;
				GCC_PREPROCESSOR_DEFINITIONS = ("'CMAKE_INTDIR=\"$(CONFIGURATION)$(EFFECTIVE_PLATFORM_NAME)\"'","$(inherited)");
				GCC_SYMBOLS_PRIVATE_EXTERN = NO;
				INSTALL_PATH = "";
				ONLY_ACTIVE_ARCH = NO;
				OTHER_LDFLAGS = ("","$(inherited)");
				OTHER_REZFLAGS = "";
				PRODUCT_NAME = install;
				SECTORDER_FLAGS = "";
				USE_HEADERMAP = NO;
				WARNING_CFLAGS = ("$(inherited)");
			};
			name = Custom;
		};
/* End XCBuildConfiguration section */

/* Begin XCConfigurationList section */
		06C540B1EB424099985DA318 /* Build configuration list for PBXAggregateTarget "ALL_BUILD" */ = {
			isa = XCConfigurationList;
			buildConfigurations = (
				83D9B5B8B8744566AD0C6BDF /* Custom */,
			);
			defaultConfigurationIsVisible = 0;
			defaultConfigurationName = Custom;
		};
		16A57311403C4126844BC658 /* Build configuration list for PBXNativeTarget "juceaide" */ = {
			isa = XCConfigurationList;
			buildConfigurations = (
				95A4256D842C479AB3CB982C /* Custom */,
			);
			defaultConfigurationIsVisible = 0;
			defaultConfigurationName = Custom;
		};
		1FE360C09D164A5F88EFEA6E /* Build configuration list for PBXProject "JUCE" */ = {
			isa = XCConfigurationList;
			buildConfigurations = (
				82EBA0AEF22841FC82C4FE82 /* Custom */,
			);
			defaultConfigurationIsVisible = 0;
			defaultConfigurationName = Custom;
		};
		CBEB25591BE14B0CBBC5DF69 /* Build configuration list for PBXAggregateTarget "install" */ = {
			isa = XCConfigurationList;
			buildConfigurations = (
				CEF8B9F05AE94638B7C0E44E /* Custom */,
			);
			defaultConfigurationIsVisible = 0;
			defaultConfigurationName = Custom;
		};
		D43FC5D762604D3798E1D5DB /* Build configuration list for PBXAggregateTarget "ZERO_CHECK" */ = {
			isa = XCConfigurationList;
			buildConfigurations = (
				75A619CF68BE486683E134C3 /* Custom */,
			);
			defaultConfigurationIsVisible = 0;
			defaultConfigurationName = Custom;
		};
/* End XCConfigurationList section */
	};
	rootObject = EDC78632210B4A2593FEF19C /* Project object */;
}
